// !$*UTF8*$!
{
	archiveVersion = 1;
	classes = {
	};
	objectVersion = 46;
	objects = {

/* Begin PBXBuildFile section */
		DA1D10B41AFD1F0600A7A7B5 /* photo-01.png in Resources */ = {isa = PBXBuildFile; fileRef = DA1D10A51AFD1F0600A7A7B5 /* photo-01.png */; };
		DA1D10B51AFD1F0600A7A7B5 /* photo-02.png in Resources */ = {isa = PBXBuildFile; fileRef = DA1D10A61AFD1F0600A7A7B5 /* photo-02.png */; };
		DA1D10B61AFD1F0600A7A7B5 /* photo-03.png in Resources */ = {isa = PBXBuildFile; fileRef = DA1D10A71AFD1F0600A7A7B5 /* photo-03.png */; };
		DA1D10B71AFD1F0600A7A7B5 /* photo-04.png in Resources */ = {isa = PBXBuildFile; fileRef = DA1D10A81AFD1F0600A7A7B5 /* photo-04.png */; };
		DA1D10B81AFD1F0600A7A7B5 /* photo-05.png in Resources */ = {isa = PBXBuildFile; fileRef = DA1D10A91AFD1F0600A7A7B5 /* photo-05.png */; };
		DA1D10B91AFD1F0600A7A7B5 /* photo-06.png in Resources */ = {isa = PBXBuildFile; fileRef = DA1D10AA1AFD1F0600A7A7B5 /* photo-06.png */; };
		DA1D10BA1AFD1F0600A7A7B5 /* photo-07.png in Resources */ = {isa = PBXBuildFile; fileRef = DA1D10AB1AFD1F0600A7A7B5 /* photo-07.png */; };
		DA1D10BB1AFD1F0600A7A7B5 /* photo-08.png in Resources */ = {isa = PBXBuildFile; fileRef = DA1D10AC1AFD1F0600A7A7B5 /* photo-08.png */; };
		DA1D10BC1AFD1F0600A7A7B5 /* photo-09.png in Resources */ = {isa = PBXBuildFile; fileRef = DA1D10AD1AFD1F0600A7A7B5 /* photo-09.png */; };
		DA1D10BD1AFD1F0600A7A7B5 /* photo-10.png in Resources */ = {isa = PBXBuildFile; fileRef = DA1D10AE1AFD1F0600A7A7B5 /* photo-10.png */; };
		DA1D10BE1AFD1F0600A7A7B5 /* photo-11.png in Resources */ = {isa = PBXBuildFile; fileRef = DA1D10AF1AFD1F0600A7A7B5 /* photo-11.png */; };
		DA1D10BF1AFD1F0600A7A7B5 /* photo-12.png in Resources */ = {isa = PBXBuildFile; fileRef = DA1D10B01AFD1F0600A7A7B5 /* photo-12.png */; };
		DA1D10C01AFD1F0600A7A7B5 /* photo-13.png in Resources */ = {isa = PBXBuildFile; fileRef = DA1D10B11AFD1F0600A7A7B5 /* photo-13.png */; };
		DA1D10C11AFD1F0600A7A7B5 /* photo-14.png in Resources */ = {isa = PBXBuildFile; fileRef = DA1D10B21AFD1F0600A7A7B5 /* photo-14.png */; };
		DA1D10C21AFD1F0600A7A7B5 /* photo-15.png in Resources */ = {isa = PBXBuildFile; fileRef = DA1D10B31AFD1F0600A7A7B5 /* photo-15.png */; };
		DA1D10C91AFD213A00A7A7B5 /* NHBalancedFlowLayout.m in Sources */ = {isa = PBXBuildFile; fileRef = DA1D10C61AFD213A00A7A7B5 /* NHBalancedFlowLayout.m */; };
		DA1D10CA1AFD213A00A7A7B5 /* NHLinearPartition.m in Sources */ = {isa = PBXBuildFile; fileRef = DA1D10C81AFD213A00A7A7B5 /* NHLinearPartition.m */; };
		DA1D10D21AFD232300A7A7B5 /* ViewController.m in Sources */ = {isa = PBXBuildFile; fileRef = DA1D10CD1AFD232300A7A7B5 /* ViewController.m */; };
		DA1D10D31AFD232300A7A7B5 /* ImageCell.m in Sources */ = {isa = PBXBuildFile; fileRef = DA1D10CF1AFD232300A7A7B5 /* ImageCell.m */; };
		DA1D10D41AFD232300A7A7B5 /* UIImage+Decompression.m in Sources */ = {isa = PBXBuildFile; fileRef = DA1D10D11AFD232300A7A7B5 /* UIImage+Decompression.m */; };
		DA3C6C901AF40E3F0046BCE0 /* CollectionViewCellModel.m in Sources */ = {isa = PBXBuildFile; fileRef = DA3C6C8F1AF40E3F0046BCE0 /* CollectionViewCellModel.m */; };
		DA3C6C921AF434F70046BCE0 /* UIKit.framework in Frameworks */ = {isa = PBXBuildFile; fileRef = DA3C6C911AF434F70046BCE0 /* UIKit.framework */; };
		DA3C6C941AF435010046BCE0 /* Foundation.framework in Frameworks */ = {isa = PBXBuildFile; fileRef = DA3C6C931AF435010046BCE0 /* Foundation.framework */; };
		DA3C6C961AF4350C0046BCE0 /* CoreGraphics.framework in Frameworks */ = {isa = PBXBuildFile; fileRef = DA3C6C951AF4350C0046BCE0 /* CoreGraphics.framework */; };
		DA3C6C9D1AF455F20046BCE0 /* Localizable.strings in Resources */ = {isa = PBXBuildFile; fileRef = DA3C6C9C1AF455F20046BCE0 /* Localizable.strings */; };
		DA65E5991AF1EEAA00D0462A /* TabBarController.m in Sources */ = {isa = PBXBuildFile; fileRef = DA65E5981AF1EEAA00D0462A /* TabBarController.m */; };
		DA9F4CAE1AE0EE320088D177 /* main.m in Sources */ = {isa = PBXBuildFile; fileRef = DA9F4CAD1AE0EE320088D177 /* main.m */; };
		DA9F4CB11AE0EE320088D177 /* AppDelegate.m in Sources */ = {isa = PBXBuildFile; fileRef = DA9F4CB01AE0EE320088D177 /* AppDelegate.m */; };
		DA9F4CB41AE0EE320088D177 /* CollectionDetailVC.m in Sources */ = {isa = PBXBuildFile; fileRef = DA9F4CB31AE0EE320088D177 /* CollectionDetailVC.m */; };
		DA9F4CB71AE0EE320088D177 /* SecondViewController.m in Sources */ = {isa = PBXBuildFile; fileRef = DA9F4CB61AE0EE320088D177 /* SecondViewController.m */; };
		DA9F4CBA1AE0EE320088D177 /* Main.storyboard in Resources */ = {isa = PBXBuildFile; fileRef = DA9F4CB81AE0EE320088D177 /* Main.storyboard */; };
		DA9F4CBC1AE0EE320088D177 /* Images.xcassets in Resources */ = {isa = PBXBuildFile; fileRef = DA9F4CBB1AE0EE320088D177 /* Images.xcassets */; };
		DA9F4CBF1AE0EE330088D177 /* LaunchScreen.xib in Resources */ = {isa = PBXBuildFile; fileRef = DA9F4CBD1AE0EE320088D177 /* LaunchScreen.xib */; };
		DA9F4CCB1AE0EE330088D177 /* TestTests.m in Sources */ = {isa = PBXBuildFile; fileRef = DA9F4CCA1AE0EE330088D177 /* TestTests.m */; };
		DA9F4CD61AE207B20088D177 /* CollectionViewController.m in Sources */ = {isa = PBXBuildFile; fileRef = DA9F4CD51AE207B20088D177 /* CollectionViewController.m */; };
		DA9F4CD91AE207E40088D177 /* CollectionViewCell.m in Sources */ = {isa = PBXBuildFile; fileRef = DA9F4CD81AE207E40088D177 /* CollectionViewCell.m */; };
		DAB099951AEB4CEE00ED62D5 /* Displaying_Pins_on_a_Map_ViewViewController.m in Sources */ = {isa = PBXBuildFile; fileRef = DAB099941AEB4CEE00ED62D5 /* Displaying_Pins_on_a_Map_ViewViewController.m */; };
		DAB099981AEB4DBB00ED62D5 /* MyAnnonation.m in Sources */ = {isa = PBXBuildFile; fileRef = DAB099971AEB4DBB00ED62D5 /* MyAnnonation.m */; };
		DAB0999B1AEB4E2000ED62D5 /* PlacesCoordinates.strings in Resources */ = {isa = PBXBuildFile; fileRef = DAB0999A1AEB4E2000ED62D5 /* PlacesCoordinates.strings */; };
		DAB0999D1AEB6F8500ED62D5 /* LegendsCoordinates.strings in Resources */ = {isa = PBXBuildFile; fileRef = DAB0999C1AEB6F8500ED62D5 /* LegendsCoordinates.strings */; };
		DAB0999F1AED65DD00ED62D5 /* icono114.png in Resources */ = {isa = PBXBuildFile; fileRef = DAB0999E1AED65DD00ED62D5 /* icono114.png */; };
		DAB099A31AED67A200ED62D5 /* icono57.png in Resources */ = {isa = PBXBuildFile; fileRef = DAB099A21AED67A200ED62D5 /* icono57.png */; };
		DAB8BA911AE8AF56009816DB /* CoreLocation.framework in Frameworks */ = {isa = PBXBuildFile; fileRef = DAB8BA901AE8AF56009816DB /* CoreLocation.framework */; };
		DAB8BA931AE8AF61009816DB /* MapKit.framework in Frameworks */ = {isa = PBXBuildFile; fileRef = DAB8BA921AE8AF61009816DB /* MapKit.framework */; };
		DAE0294D1AE363960083612F /* PageViewController.m in Sources */ = {isa = PBXBuildFile; fileRef = DAE0294C1AE363960083612F /* PageViewController.m */; };
		DAFFC4731AFC986C0056728F /* Photos in Resources */ = {isa = PBXBuildFile; fileRef = DAFFC4721AFC986C0056728F /* Photos */; };
/* End PBXBuildFile section */

/* Begin PBXContainerItemProxy section */
		DA9F4CC51AE0EE330088D177 /* PBXContainerItemProxy */ = {
			isa = PBXContainerItemProxy;
			containerPortal = DA9F4CA01AE0EE320088D177 /* Project object */;
			proxyType = 1;
			remoteGlobalIDString = DA9F4CA71AE0EE320088D177;
			remoteInfo = Test;
		};
/* End PBXContainerItemProxy section */

/* Begin PBXFileReference section */
		DA1D10A51AFD1F0600A7A7B5 /* photo-01.png */ = {isa = PBXFileReference; lastKnownFileType = image.png; name = "photo-01.png"; path = "Resources/Images/photo-01.png"; sourceTree = "<group>"; };
		DA1D10A61AFD1F0600A7A7B5 /* photo-02.png */ = {isa = PBXFileReference; lastKnownFileType = image.png; name = "photo-02.png"; path = "Resources/Images/photo-02.png"; sourceTree = "<group>"; };
		DA1D10A71AFD1F0600A7A7B5 /* photo-03.png */ = {isa = PBXFileReference; lastKnownFileType = image.png; name = "photo-03.png"; path = "Resources/Images/photo-03.png"; sourceTree = "<group>"; };
		DA1D10A81AFD1F0600A7A7B5 /* photo-04.png */ = {isa = PBXFileReference; lastKnownFileType = image.png; name = "photo-04.png"; path = "Resources/Images/photo-04.png"; sourceTree = "<group>"; };
		DA1D10A91AFD1F0600A7A7B5 /* photo-05.png */ = {isa = PBXFileReference; lastKnownFileType = image.png; name = "photo-05.png"; path = "Resources/Images/photo-05.png"; sourceTree = "<group>"; };
		DA1D10AA1AFD1F0600A7A7B5 /* photo-06.png */ = {isa = PBXFileReference; lastKnownFileType = image.png; name = "photo-06.png"; path = "Resources/Images/photo-06.png"; sourceTree = "<group>"; };
		DA1D10AB1AFD1F0600A7A7B5 /* photo-07.png */ = {isa = PBXFileReference; lastKnownFileType = image.png; name = "photo-07.png"; path = "Resources/Images/photo-07.png"; sourceTree = "<group>"; };
		DA1D10AC1AFD1F0600A7A7B5 /* photo-08.png */ = {isa = PBXFileReference; lastKnownFileType = image.png; name = "photo-08.png"; path = "Resources/Images/photo-08.png"; sourceTree = "<group>"; };
		DA1D10AD1AFD1F0600A7A7B5 /* photo-09.png */ = {isa = PBXFileReference; lastKnownFileType = image.png; name = "photo-09.png"; path = "Resources/Images/photo-09.png"; sourceTree = "<group>"; };
		DA1D10AE1AFD1F0600A7A7B5 /* photo-10.png */ = {isa = PBXFileReference; lastKnownFileType = image.png; name = "photo-10.png"; path = "Resources/Images/photo-10.png"; sourceTree = "<group>"; };
		DA1D10AF1AFD1F0600A7A7B5 /* photo-11.png */ = {isa = PBXFileReference; lastKnownFileType = image.png; name = "photo-11.png"; path = "Resources/Images/photo-11.png"; sourceTree = "<group>"; };
		DA1D10B01AFD1F0600A7A7B5 /* photo-12.png */ = {isa = PBXFileReference; lastKnownFileType = image.png; name = "photo-12.png"; path = "Resources/Images/photo-12.png"; sourceTree = "<group>"; };
		DA1D10B11AFD1F0600A7A7B5 /* photo-13.png */ = {isa = PBXFileReference; lastKnownFileType = image.png; name = "photo-13.png"; path = "Resources/Images/photo-13.png"; sourceTree = "<group>"; };
		DA1D10B21AFD1F0600A7A7B5 /* photo-14.png */ = {isa = PBXFileReference; lastKnownFileType = image.png; name = "photo-14.png"; path = "Resources/Images/photo-14.png"; sourceTree = "<group>"; };
		DA1D10B31AFD1F0600A7A7B5 /* photo-15.png */ = {isa = PBXFileReference; lastKnownFileType = image.png; name = "photo-15.png"; path = "Resources/Images/photo-15.png"; sourceTree = "<group>"; };
		DA1D10C51AFD213A00A7A7B5 /* NHBalancedFlowLayout.h */ = {isa = PBXFileReference; fileEncoding = 4; lastKnownFileType = sourcecode.c.h; path = NHBalancedFlowLayout.h; sourceTree = "<group>"; };
		DA1D10C61AFD213A00A7A7B5 /* NHBalancedFlowLayout.m */ = {isa = PBXFileReference; fileEncoding = 4; lastKnownFileType = sourcecode.c.objc; path = NHBalancedFlowLayout.m; sourceTree = "<group>"; };
		DA1D10C71AFD213A00A7A7B5 /* NHLinearPartition.h */ = {isa = PBXFileReference; fileEncoding = 4; lastKnownFileType = sourcecode.c.h; path = NHLinearPartition.h; sourceTree = "<group>"; };
		DA1D10C81AFD213A00A7A7B5 /* NHLinearPartition.m */ = {isa = PBXFileReference; fileEncoding = 4; lastKnownFileType = sourcecode.c.objc; path = NHLinearPartition.m; sourceTree = "<group>"; };
		DA1D10CC1AFD232300A7A7B5 /* ViewController.h */ = {isa = PBXFileReference; fileEncoding = 4; lastKnownFileType = sourcecode.c.h; path = ViewController.h; sourceTree = "<group>"; };
		DA1D10CD1AFD232300A7A7B5 /* ViewController.m */ = {isa = PBXFileReference; fileEncoding = 4; lastKnownFileType = sourcecode.c.objc; path = ViewController.m; sourceTree = "<group>"; };
		DA1D10CE1AFD232300A7A7B5 /* ImageCell.h */ = {isa = PBXFileReference; fileEncoding = 4; lastKnownFileType = sourcecode.c.h; path = ImageCell.h; sourceTree = "<group>"; };
		DA1D10CF1AFD232300A7A7B5 /* ImageCell.m */ = {isa = PBXFileReference; fileEncoding = 4; lastKnownFileType = sourcecode.c.objc; path = ImageCell.m; sourceTree = "<group>"; };
		DA1D10D01AFD232300A7A7B5 /* UIImage+Decompression.h */ = {isa = PBXFileReference; fileEncoding = 4; lastKnownFileType = sourcecode.c.h; path = "UIImage+Decompression.h"; sourceTree = "<group>"; };
		DA1D10D11AFD232300A7A7B5 /* UIImage+Decompression.m */ = {isa = PBXFileReference; fileEncoding = 4; lastKnownFileType = sourcecode.c.objc; path = "UIImage+Decompression.m"; sourceTree = "<group>"; };
		DA3C6C8E1AF40E3F0046BCE0 /* CollectionViewCellModel.h */ = {isa = PBXFileReference; fileEncoding = 4; lastKnownFileType = sourcecode.c.h; path = CollectionViewCellModel.h; sourceTree = "<group>"; };
		DA3C6C8F1AF40E3F0046BCE0 /* CollectionViewCellModel.m */ = {isa = PBXFileReference; fileEncoding = 4; lastKnownFileType = sourcecode.c.objc; path = CollectionViewCellModel.m; sourceTree = "<group>"; };
		DA3C6C911AF434F70046BCE0 /* UIKit.framework */ = {isa = PBXFileReference; lastKnownFileType = wrapper.framework; name = UIKit.framework; path = System/Library/Frameworks/UIKit.framework; sourceTree = SDKROOT; };
		DA3C6C931AF435010046BCE0 /* Foundation.framework */ = {isa = PBXFileReference; lastKnownFileType = wrapper.framework; name = Foundation.framework; path = System/Library/Frameworks/Foundation.framework; sourceTree = SDKROOT; };
		DA3C6C951AF4350C0046BCE0 /* CoreGraphics.framework */ = {isa = PBXFileReference; lastKnownFileType = wrapper.framework; name = CoreGraphics.framework; path = System/Library/Frameworks/CoreGraphics.framework; sourceTree = SDKROOT; };
		DA3C6C9C1AF455F20046BCE0 /* Localizable.strings */ = {isa = PBXFileReference; fileEncoding = 4; lastKnownFileType = text.plist.strings; path = Localizable.strings; sourceTree = "<group>"; };
		DA65E5971AF1EEAA00D0462A /* TabBarController.h */ = {isa = PBXFileReference; fileEncoding = 4; lastKnownFileType = sourcecode.c.h; path = TabBarController.h; sourceTree = "<group>"; };
		DA65E5981AF1EEAA00D0462A /* TabBarController.m */ = {isa = PBXFileReference; fileEncoding = 4; lastKnownFileType = sourcecode.c.objc; path = TabBarController.m; sourceTree = "<group>"; };
		DA9F4CA81AE0EE320088D177 /* LeyendaNG.app */ = {isa = PBXFileReference; explicitFileType = wrapper.application; includeInIndex = 0; path = LeyendaNG.app; sourceTree = BUILT_PRODUCTS_DIR; };
		DA9F4CAC1AE0EE320088D177 /* Info.plist */ = {isa = PBXFileReference; lastKnownFileType = text.plist.xml; path = Info.plist; sourceTree = "<group>"; };
		DA9F4CAD1AE0EE320088D177 /* main.m */ = {isa = PBXFileReference; lastKnownFileType = sourcecode.c.objc; path = main.m; sourceTree = "<group>"; };
		DA9F4CAF1AE0EE320088D177 /* AppDelegate.h */ = {isa = PBXFileReference; lastKnownFileType = sourcecode.c.h; path = AppDelegate.h; sourceTree = "<group>"; };
		DA9F4CB01AE0EE320088D177 /* AppDelegate.m */ = {isa = PBXFileReference; lastKnownFileType = sourcecode.c.objc; path = AppDelegate.m; sourceTree = "<group>"; };
		DA9F4CB21AE0EE320088D177 /* CollectionDetailVC.h */ = {isa = PBXFileReference; lastKnownFileType = sourcecode.c.h; path = CollectionDetailVC.h; sourceTree = "<group>"; };
		DA9F4CB31AE0EE320088D177 /* CollectionDetailVC.m */ = {isa = PBXFileReference; lastKnownFileType = sourcecode.c.objc; path = CollectionDetailVC.m; sourceTree = "<group>"; };
		DA9F4CB51AE0EE320088D177 /* SecondViewController.h */ = {isa = PBXFileReference; lastKnownFileType = sourcecode.c.h; path = SecondViewController.h; sourceTree = "<group>"; };
		DA9F4CB61AE0EE320088D177 /* SecondViewController.m */ = {isa = PBXFileReference; lastKnownFileType = sourcecode.c.objc; path = SecondViewController.m; sourceTree = "<group>"; };
		DA9F4CB91AE0EE320088D177 /* Base */ = {isa = PBXFileReference; lastKnownFileType = file.storyboard; name = Base; path = Base.lproj/Main.storyboard; sourceTree = "<group>"; };
		DA9F4CBB1AE0EE320088D177 /* Images.xcassets */ = {isa = PBXFileReference; lastKnownFileType = folder.assetcatalog; path = Images.xcassets; sourceTree = "<group>"; };
		DA9F4CBE1AE0EE320088D177 /* Base */ = {isa = PBXFileReference; lastKnownFileType = file.xib; name = Base; path = Base.lproj/LaunchScreen.xib; sourceTree = "<group>"; };
		DA9F4CC41AE0EE330088D177 /* LeyendaNGLeyendaNGs.xctest */ = {isa = PBXFileReference; explicitFileType = wrapper.cfbundle; includeInIndex = 0; path = LeyendaNGLeyendaNGs.xctest; sourceTree = BUILT_PRODUCTS_DIR; };
		DA9F4CC91AE0EE330088D177 /* Info.plist */ = {isa = PBXFileReference; lastKnownFileType = text.plist.xml; path = Info.plist; sourceTree = "<group>"; };
		DA9F4CCA1AE0EE330088D177 /* TestTests.m */ = {isa = PBXFileReference; lastKnownFileType = sourcecode.c.objc; path = TestTests.m; sourceTree = "<group>"; };
		DA9F4CD41AE207B20088D177 /* CollectionViewController.h */ = {isa = PBXFileReference; fileEncoding = 4; lastKnownFileType = sourcecode.c.h; path = CollectionViewController.h; sourceTree = "<group>"; };
		DA9F4CD51AE207B20088D177 /* CollectionViewController.m */ = {isa = PBXFileReference; fileEncoding = 4; lastKnownFileType = sourcecode.c.objc; path = CollectionViewController.m; sourceTree = "<group>"; };
		DA9F4CD71AE207E40088D177 /* CollectionViewCell.h */ = {isa = PBXFileReference; fileEncoding = 4; lastKnownFileType = sourcecode.c.h; path = CollectionViewCell.h; sourceTree = "<group>"; };
		DA9F4CD81AE207E40088D177 /* CollectionViewCell.m */ = {isa = PBXFileReference; fileEncoding = 4; lastKnownFileType = sourcecode.c.objc; path = CollectionViewCell.m; sourceTree = "<group>"; };
		DAB099931AEB4CEE00ED62D5 /* Displaying_Pins_on_a_Map_ViewViewController.h */ = {isa = PBXFileReference; fileEncoding = 4; lastKnownFileType = sourcecode.c.h; path = Displaying_Pins_on_a_Map_ViewViewController.h; sourceTree = "<group>"; };
		DAB099941AEB4CEE00ED62D5 /* Displaying_Pins_on_a_Map_ViewViewController.m */ = {isa = PBXFileReference; fileEncoding = 4; lastKnownFileType = sourcecode.c.objc; path = Displaying_Pins_on_a_Map_ViewViewController.m; sourceTree = "<group>"; };
		DAB099961AEB4DBB00ED62D5 /* MyAnnonation.h */ = {isa = PBXFileReference; fileEncoding = 4; lastKnownFileType = sourcecode.c.h; path = MyAnnonation.h; sourceTree = "<group>"; };
		DAB099971AEB4DBB00ED62D5 /* MyAnnonation.m */ = {isa = PBXFileReference; fileEncoding = 4; lastKnownFileType = sourcecode.c.objc; path = MyAnnonation.m; sourceTree = "<group>"; };
		DAB0999A1AEB4E2000ED62D5 /* PlacesCoordinates.strings */ = {isa = PBXFileReference; fileEncoding = 4; lastKnownFileType = text.plist.strings; path = PlacesCoordinates.strings; sourceTree = "<group>"; };
		DAB0999C1AEB6F8500ED62D5 /* LegendsCoordinates.strings */ = {isa = PBXFileReference; fileEncoding = 4; lastKnownFileType = text.plist.strings; path = LegendsCoordinates.strings; sourceTree = "<group>"; };
		DAB0999E1AED65DD00ED62D5 /* icono114.png */ = {isa = PBXFileReference; lastKnownFileType = image.png; path = icono114.png; sourceTree = "<group>"; };
		DAB099A21AED67A200ED62D5 /* icono57.png */ = {isa = PBXFileReference; lastKnownFileType = image.png; path = icono57.png; sourceTree = "<group>"; };
		DAB8BA901AE8AF56009816DB /* CoreLocation.framework */ = {isa = PBXFileReference; lastKnownFileType = wrapper.framework; name = CoreLocation.framework; path = System/Library/Frameworks/CoreLocation.framework; sourceTree = SDKROOT; };
		DAB8BA921AE8AF61009816DB /* MapKit.framework */ = {isa = PBXFileReference; lastKnownFileType = wrapper.framework; name = MapKit.framework; path = System/Library/Frameworks/MapKit.framework; sourceTree = SDKROOT; };
		DAE0294B1AE363960083612F /* PageViewController.h */ = {isa = PBXFileReference; fileEncoding = 4; lastKnownFileType = sourcecode.c.h; path = PageViewController.h; sourceTree = "<group>"; };
		DAE0294C1AE363960083612F /* PageViewController.m */ = {isa = PBXFileReference; fileEncoding = 4; lastKnownFileType = sourcecode.c.objc; path = PageViewController.m; sourceTree = "<group>"; };
		DAFFC4721AFC986C0056728F /* Photos */ = {isa = PBXFileReference; lastKnownFileType = folder; path = Photos; sourceTree = "<group>"; };
/* End PBXFileReference section */

/* Begin PBXFrameworksBuildPhase section */
		DA9F4CA51AE0EE320088D177 /* Frameworks */ = {
			isa = PBXFrameworksBuildPhase;
			buildActionMask = 2147483647;
			files = (
				DA3C6C961AF4350C0046BCE0 /* CoreGraphics.framework in Frameworks */,
				DA3C6C941AF435010046BCE0 /* Foundation.framework in Frameworks */,
				DA3C6C921AF434F70046BCE0 /* UIKit.framework in Frameworks */,
				DAB8BA931AE8AF61009816DB /* MapKit.framework in Frameworks */,
				DAB8BA911AE8AF56009816DB /* CoreLocation.framework in Frameworks */,
			);
			runOnlyForDeploymentPostprocessing = 0;
		};
		DA9F4CC11AE0EE330088D177 /* Frameworks */ = {
			isa = PBXFrameworksBuildPhase;
			buildActionMask = 2147483647;
			files = (
			);
			runOnlyForDeploymentPostprocessing = 0;
		};
/* End PBXFrameworksBuildPhase section */

/* Begin PBXGroup section */
		DA1D10C31AFD1F0C00A7A7B5 /* Resources */ = {
			isa = PBXGroup;
			children = (
				DA1D10C41AFD1F3000A7A7B5 /* Images */,
			);
			name = Resources;
			sourceTree = "<group>";
		};
		DA1D10C41AFD1F3000A7A7B5 /* Images */ = {
			isa = PBXGroup;
			children = (
				DA1D10A51AFD1F0600A7A7B5 /* photo-01.png */,
				DA1D10A61AFD1F0600A7A7B5 /* photo-02.png */,
				DA1D10A71AFD1F0600A7A7B5 /* photo-03.png */,
				DA1D10A81AFD1F0600A7A7B5 /* photo-04.png */,
				DA1D10A91AFD1F0600A7A7B5 /* photo-05.png */,
				DA1D10AA1AFD1F0600A7A7B5 /* photo-06.png */,
				DA1D10AB1AFD1F0600A7A7B5 /* photo-07.png */,
				DA1D10AC1AFD1F0600A7A7B5 /* photo-08.png */,
				DA1D10AD1AFD1F0600A7A7B5 /* photo-09.png */,
				DA1D10AE1AFD1F0600A7A7B5 /* photo-10.png */,
				DA1D10AF1AFD1F0600A7A7B5 /* photo-11.png */,
				DA1D10B01AFD1F0600A7A7B5 /* photo-12.png */,
				DA1D10B11AFD1F0600A7A7B5 /* photo-13.png */,
				DA1D10B21AFD1F0600A7A7B5 /* photo-14.png */,
				DA1D10B31AFD1F0600A7A7B5 /* photo-15.png */,
			);
			name = Images;
			sourceTree = "<group>";
		};
		DA1D10CB1AFD214000A7A7B5 /* ImageLayoutManager */ = {
			isa = PBXGroup;
			children = (
				DA1D10C51AFD213A00A7A7B5 /* NHBalancedFlowLayout.h */,
				DA1D10C61AFD213A00A7A7B5 /* NHBalancedFlowLayout.m */,
				DA1D10C71AFD213A00A7A7B5 /* NHLinearPartition.h */,
				DA1D10C81AFD213A00A7A7B5 /* NHLinearPartition.m */,
				DA1D10CC1AFD232300A7A7B5 /* ViewController.h */,
				DA1D10CD1AFD232300A7A7B5 /* ViewController.m */,
				DA1D10CE1AFD232300A7A7B5 /* ImageCell.h */,
				DA1D10CF1AFD232300A7A7B5 /* ImageCell.m */,
				DA1D10D01AFD232300A7A7B5 /* UIImage+Decompression.h */,
				DA1D10D11AFD232300A7A7B5 /* UIImage+Decompression.m */,
			);
			name = ImageLayoutManager;
			sourceTree = "<group>";
		};
		DA3C6C981AF438690046BCE0 /* CollectionView */ = {
			isa = PBXGroup;
			children = (
				DA9F4CD41AE207B20088D177 /* CollectionViewController.h */,
				DA9F4CD51AE207B20088D177 /* CollectionViewController.m */,
				DA9F4CB21AE0EE320088D177 /* CollectionDetailVC.h */,
				DA9F4CB31AE0EE320088D177 /* CollectionDetailVC.m */,
				DA9F4CD71AE207E40088D177 /* CollectionViewCell.h */,
				DA9F4CD81AE207E40088D177 /* CollectionViewCell.m */,
				DA3C6C8E1AF40E3F0046BCE0 /* CollectionViewCellModel.h */,
				DA3C6C8F1AF40E3F0046BCE0 /* CollectionViewCellModel.m */,
			);
			name = CollectionView;
			sourceTree = "<group>";
		};
		DA3C6C991AF4442B0046BCE0 /* Frameworks */ = {
			isa = PBXGroup;
			children = (
				DAB8BA901AE8AF56009816DB /* CoreLocation.framework */,
				DAB8BA921AE8AF61009816DB /* MapKit.framework */,
				DA3C6C951AF4350C0046BCE0 /* CoreGraphics.framework */,
				DA3C6C931AF435010046BCE0 /* Foundation.framework */,
				DA3C6C911AF434F70046BCE0 /* UIKit.framework */,
			);
			name = Frameworks;
			sourceTree = "<group>";
		};
		DA3C6C9B1AF4446E0046BCE0 /* Iconos */ = {
			isa = PBXGroup;
			children = (
				DAB099A21AED67A200ED62D5 /* icono57.png */,
				DAB0999E1AED65DD00ED62D5 /* icono114.png */,
			);
			name = Iconos;
			sourceTree = "<group>";
		};
		DA9F4C9F1AE0EE320088D177 = {
			isa = PBXGroup;
			children = (
				DAFFC4721AFC986C0056728F /* Photos */,
				DA9F4CAA1AE0EE320088D177 /* Leyenda */,
				DA9F4CC71AE0EE330088D177 /* TestTests */,
				DA3C6C991AF4442B0046BCE0 /* Frameworks */,
				DA9F4CA91AE0EE320088D177 /* Products */,
				DA3C6C9B1AF4446E0046BCE0 /* Iconos */,
				DA1D10C31AFD1F0C00A7A7B5 /* Resources */,
			);
			sourceTree = "<group>";
		};
		DA9F4CA91AE0EE320088D177 /* Products */ = {
			isa = PBXGroup;
			children = (
				DA9F4CA81AE0EE320088D177 /* LeyendaNG.app */,
				DA9F4CC41AE0EE330088D177 /* LeyendaNGLeyendaNGs.xctest */,
			);
			name = Products;
			sourceTree = "<group>";
		};
		DA9F4CAA1AE0EE320088D177 /* Leyenda */ = {
			isa = PBXGroup;
			children = (
				DA9F4CBD1AE0EE320088D177 /* LaunchScreen.xib */,
				DA9F4CB81AE0EE320088D177 /* Main.storyboard */,
				DA9F4CAF1AE0EE320088D177 /* AppDelegate.h */,
				DA9F4CB01AE0EE320088D177 /* AppDelegate.m */,
				DA9F4CB51AE0EE320088D177 /* SecondViewController.h */,
				DA9F4CB61AE0EE320088D177 /* SecondViewController.m */,
				DAE0294B1AE363960083612F /* PageViewController.h */,
				DAE0294C1AE363960083612F /* PageViewController.m */,
				DA65E5971AF1EEAA00D0462A /* TabBarController.h */,
				DA65E5981AF1EEAA00D0462A /* TabBarController.m */,
				DA1D10CB1AFD214000A7A7B5 /* ImageLayoutManager */,
				DA3C6C981AF438690046BCE0 /* CollectionView */,
				DAB099991AEB4DC300ED62D5 /* Maps */,
				DA9F4CBB1AE0EE320088D177 /* Images.xcassets */,
				DA9F4CAB1AE0EE320088D177 /* Supporting Files */,
			);
			name = Leyenda;
			path = Test;
			sourceTree = "<group>";
		};
		DA9F4CAB1AE0EE320088D177 /* Supporting Files */ = {
			isa = PBXGroup;
			children = (
				DAB0999A1AEB4E2000ED62D5 /* PlacesCoordinates.strings */,
				DAB0999C1AEB6F8500ED62D5 /* LegendsCoordinates.strings */,
				DA9F4CAC1AE0EE320088D177 /* Info.plist */,
				DA9F4CAD1AE0EE320088D177 /* main.m */,
				DA3C6C9C1AF455F20046BCE0 /* Localizable.strings */,
			);
			name = "Supporting Files";
			sourceTree = "<group>";
		};
		DA9F4CC71AE0EE330088D177 /* TestTests */ = {
			isa = PBXGroup;
			children = (
				DA9F4CCA1AE0EE330088D177 /* TestTests.m */,
				DA9F4CC81AE0EE330088D177 /* Supporting Files */,
			);
			path = TestTests;
			sourceTree = "<group>";
		};
		DA9F4CC81AE0EE330088D177 /* Supporting Files */ = {
			isa = PBXGroup;
			children = (
				DA9F4CC91AE0EE330088D177 /* Info.plist */,
			);
			name = "Supporting Files";
			sourceTree = "<group>";
		};
		DAB099991AEB4DC300ED62D5 /* Maps */ = {
			isa = PBXGroup;
			children = (
				DAB099961AEB4DBB00ED62D5 /* MyAnnonation.h */,
				DAB099971AEB4DBB00ED62D5 /* MyAnnonation.m */,
				DAB099931AEB4CEE00ED62D5 /* Displaying_Pins_on_a_Map_ViewViewController.h */,
				DAB099941AEB4CEE00ED62D5 /* Displaying_Pins_on_a_Map_ViewViewController.m */,
			);
			name = Maps;
			sourceTree = "<group>";
		};
/* End PBXGroup section */

/* Begin PBXNativeTarget section */
		DA9F4CA71AE0EE320088D177 /* LeyendaNG */ = {
			isa = PBXNativeTarget;
			buildConfigurationList = DA9F4CCE1AE0EE330088D177 /* Build configuration list for PBXNativeTarget "LeyendaNG" */;
			buildPhases = (
				DA9F4CA41AE0EE320088D177 /* Sources */,
				DA9F4CA51AE0EE320088D177 /* Frameworks */,
				DA9F4CA61AE0EE320088D177 /* Resources */,
			);
			buildRules = (
			);
			dependencies = (
			);
			name = LeyendaNG;
			productName = Test;
			productReference = DA9F4CA81AE0EE320088D177 /* LeyendaNG.app */;
			productType = "com.apple.product-type.application";
		};
		DA9F4CC31AE0EE330088D177 /* LeyendaNGLeyendaNGs */ = {
			isa = PBXNativeTarget;
			buildConfigurationList = DA9F4CD11AE0EE330088D177 /* Build configuration list for PBXNativeTarget "LeyendaNGLeyendaNGs" */;
			buildPhases = (
				DA9F4CC01AE0EE330088D177 /* Sources */,
				DA9F4CC11AE0EE330088D177 /* Frameworks */,
				DA9F4CC21AE0EE330088D177 /* Resources */,
			);
			buildRules = (
			);
			dependencies = (
				DA9F4CC61AE0EE330088D177 /* PBXTargetDependency */,
			);
			name = LeyendaNGLeyendaNGs;
			productName = TestTests;
			productReference = DA9F4CC41AE0EE330088D177 /* LeyendaNGLeyendaNGs.xctest */;
			productType = "com.apple.product-type.bundle.unit-test";
		};
/* End PBXNativeTarget section */

/* Begin PBXProject section */
		DA9F4CA01AE0EE320088D177 /* Project object */ = {
			isa = PBXProject;
			attributes = {
				LastUpgradeCheck = 0630;
				ORGANIZATIONNAME = "Daniel Rodriguez";
				TargetAttributes = {
					DA9F4CA71AE0EE320088D177 = {
						CreatedOnToolsVersion = 6.3;
						DevelopmentTeam = YEG548UG49;
					};
					DA9F4CC31AE0EE330088D177 = {
						CreatedOnToolsVersion = 6.3;
						TestTargetID = DA9F4CA71AE0EE320088D177;
					};
				};
			};
			buildConfigurationList = DA9F4CA31AE0EE320088D177 /* Build configuration list for PBXProject "LeyendaNG" */;
			compatibilityVersion = "Xcode 3.2";
			developmentRegion = English;
			hasScannedForEncodings = 0;
			knownRegions = (
				en,
				Base,
			);
			mainGroup = DA9F4C9F1AE0EE320088D177;
			productRefGroup = DA9F4CA91AE0EE320088D177 /* Products */;
			projectDirPath = "";
			projectRoot = "";
			targets = (
				DA9F4CA71AE0EE320088D177 /* LeyendaNG */,
				DA9F4CC31AE0EE330088D177 /* LeyendaNGLeyendaNGs */,
			);
		};
/* End PBXProject section */

/* Begin PBXResourcesBuildPhase section */
		DA9F4CA61AE0EE320088D177 /* Resources */ = {
			isa = PBXResourcesBuildPhase;
			buildActionMask = 2147483647;
			files = (
				DA1D10C01AFD1F0600A7A7B5 /* photo-13.png in Resources */,
				DA1D10B71AFD1F0600A7A7B5 /* photo-04.png in Resources */,
				DA9F4CBA1AE0EE320088D177 /* Main.storyboard in Resources */,
				DA9F4CBF1AE0EE330088D177 /* LaunchScreen.xib in Resources */,
				DAB099A31AED67A200ED62D5 /* icono57.png in Resources */,
				DA1D10B51AFD1F0600A7A7B5 /* photo-02.png in Resources */,
				DA1D10BC1AFD1F0600A7A7B5 /* photo-09.png in Resources */,
				DA1D10BD1AFD1F0600A7A7B5 /* photo-10.png in Resources */,
				DA1D10C11AFD1F0600A7A7B5 /* photo-14.png in Resources */,
				DA1D10B41AFD1F0600A7A7B5 /* photo-01.png in Resources */,
				DA1D10BF1AFD1F0600A7A7B5 /* photo-12.png in Resources */,
				DA1D10BE1AFD1F0600A7A7B5 /* photo-11.png in Resources */,
				DA1D10B61AFD1F0600A7A7B5 /* photo-03.png in Resources */,
				DAB0999D1AEB6F8500ED62D5 /* LegendsCoordinates.strings in Resources */,
				DA1D10B91AFD1F0600A7A7B5 /* photo-06.png in Resources */,
				DA3C6C9D1AF455F20046BCE0 /* Localizable.strings in Resources */,
				DA1D10BB1AFD1F0600A7A7B5 /* photo-08.png in Resources */,
				DA1D10B81AFD1F0600A7A7B5 /* photo-05.png in Resources */,
				DAFFC4731AFC986C0056728F /* Photos in Resources */,
				DAB0999F1AED65DD00ED62D5 /* icono114.png in Resources */,
				DA1D10C21AFD1F0600A7A7B5 /* photo-15.png in Resources */,
				DA1D10BA1AFD1F0600A7A7B5 /* photo-07.png in Resources */,
				DAB0999B1AEB4E2000ED62D5 /* PlacesCoordinates.strings in Resources */,
				DA9F4CBC1AE0EE320088D177 /* Images.xcassets in Resources */,
			);
			runOnlyForDeploymentPostprocessing = 0;
		};
		DA9F4CC21AE0EE330088D177 /* Resources */ = {
			isa = PBXResourcesBuildPhase;
			buildActionMask = 2147483647;
			files = (
			);
			runOnlyForDeploymentPostprocessing = 0;
		};
/* End PBXResourcesBuildPhase section */

/* Begin PBXSourcesBuildPhase section */
		DA9F4CA41AE0EE320088D177 /* Sources */ = {
			isa = PBXSourcesBuildPhase;
			buildActionMask = 2147483647;
			files = (
				DA1D10D21AFD232300A7A7B5 /* ViewController.m in Sources */,
				DA1D10D31AFD232300A7A7B5 /* ImageCell.m in Sources */,
				DA9F4CD91AE207E40088D177 /* CollectionViewCell.m in Sources */,
				DA9F4CB71AE0EE320088D177 /* SecondViewController.m in Sources */,
				DA9F4CB11AE0EE320088D177 /* AppDelegate.m in Sources */,
				DA3C6C901AF40E3F0046BCE0 /* CollectionViewCellModel.m in Sources */,
				DAB099981AEB4DBB00ED62D5 /* MyAnnonation.m in Sources */,
				DA9F4CB41AE0EE320088D177 /* CollectionDetailVC.m in Sources */,
				DA9F4CD61AE207B20088D177 /* CollectionViewController.m in Sources */,
				DA1D10D41AFD232300A7A7B5 /* UIImage+Decompression.m in Sources */,
				DA9F4CAE1AE0EE320088D177 /* main.m in Sources */,
				DA1D10CA1AFD213A00A7A7B5 /* NHLinearPartition.m in Sources */,
				DA65E5991AF1EEAA00D0462A /* TabBarController.m in Sources */,
				DAE0294D1AE363960083612F /* PageViewController.m in Sources */,
				DAB099951AEB4CEE00ED62D5 /* Displaying_Pins_on_a_Map_ViewViewController.m in Sources */,
				DA1D10C91AFD213A00A7A7B5 /* NHBalancedFlowLayout.m in Sources */,
			);
			runOnlyForDeploymentPostprocessing = 0;
		};
		DA9F4CC01AE0EE330088D177 /* Sources */ = {
			isa = PBXSourcesBuildPhase;
			buildActionMask = 2147483647;
			files = (
				DA9F4CCB1AE0EE330088D177 /* TestTests.m in Sources */,
			);
			runOnlyForDeploymentPostprocessing = 0;
		};
/* End PBXSourcesBuildPhase section */

/* Begin PBXTargetDependency section */
		DA9F4CC61AE0EE330088D177 /* PBXTargetDependency */ = {
			isa = PBXTargetDependency;
			target = DA9F4CA71AE0EE320088D177 /* LeyendaNG */;
			targetProxy = DA9F4CC51AE0EE330088D177 /* PBXContainerItemProxy */;
		};
/* End PBXTargetDependency section */

/* Begin PBXVariantGroup section */
		DA9F4CB81AE0EE320088D177 /* Main.storyboard */ = {
			isa = PBXVariantGroup;
			children = (
				DA9F4CB91AE0EE320088D177 /* Base */,
			);
			name = Main.storyboard;
			sourceTree = "<group>";
		};
		DA9F4CBD1AE0EE320088D177 /* LaunchScreen.xib */ = {
			isa = PBXVariantGroup;
			children = (
				DA9F4CBE1AE0EE320088D177 /* Base */,
			);
			name = LaunchScreen.xib;
			sourceTree = "<group>";
		};
/* End PBXVariantGroup section */

/* Begin XCBuildConfiguration section */
		DA9F4CCC1AE0EE330088D177 /* Debug */ = {
			isa = XCBuildConfiguration;
			buildSettings = {
				ALWAYS_SEARCH_USER_PATHS = NO;
				CLANG_CXX_LANGUAGE_STANDARD = "gnu++0x";
				CLANG_CXX_LIBRARY = "libc++";
				CLANG_ENABLE_MODULES = YES;
				CLANG_ENABLE_OBJC_ARC = YES;
				CLANG_WARN_BOOL_CONVERSION = YES;
				CLANG_WARN_CONSTANT_CONVERSION = YES;
				CLANG_WARN_DIRECT_OBJC_ISA_USAGE = YES_ERROR;
				CLANG_WARN_EMPTY_BODY = YES;
				CLANG_WARN_ENUM_CONVERSION = YES;
				CLANG_WARN_INT_CONVERSION = YES;
				CLANG_WARN_OBJC_ROOT_CLASS = YES_ERROR;
				CLANG_WARN_UNREACHABLE_CODE = YES;
				CLANG_WARN__DUPLICATE_METHOD_MATCH = YES;
				"CODE_SIGN_IDENTITY[sdk=iphoneos*]" = "iPhone Developer";
				COPY_PHASE_STRIP = NO;
				DEBUG_INFORMATION_FORMAT = "dwarf-with-dsym";
				ENABLE_STRICT_OBJC_MSGSEND = YES;
				GCC_C_LANGUAGE_STANDARD = gnu99;
				GCC_DYNAMIC_NO_PIC = NO;
				GCC_NO_COMMON_BLOCKS = YES;
				GCC_OPTIMIZATION_LEVEL = 0;
				GCC_PREPROCESSOR_DEFINITIONS = (
					"DEBUG=1",
					"$(inherited)",
				);
				GCC_SYMBOLS_PRIVATE_EXTERN = NO;
				GCC_WARN_64_TO_32_BIT_CONVERSION = YES;
				GCC_WARN_ABOUT_RETURN_TYPE = YES_ERROR;
				GCC_WARN_UNDECLARED_SELECTOR = YES;
				GCC_WARN_UNINITIALIZED_AUTOS = YES_AGGRESSIVE;
				GCC_WARN_UNUSED_FUNCTION = YES;
				GCC_WARN_UNUSED_VARIABLE = YES;
				IPHONEOS_DEPLOYMENT_TARGET = 8.3;
				MTL_ENABLE_DEBUG_INFO = YES;
				ONLY_ACTIVE_ARCH = YES;
				SDKROOT = iphoneos;
			};
			name = Debug;
		};
		DA9F4CCD1AE0EE330088D177 /* Release */ = {
			isa = XCBuildConfiguration;
			buildSettings = {
				ALWAYS_SEARCH_USER_PATHS = NO;
				CLANG_CXX_LANGUAGE_STANDARD = "gnu++0x";
				CLANG_CXX_LIBRARY = "libc++";
				CLANG_ENABLE_MODULES = YES;
				CLANG_ENABLE_OBJC_ARC = YES;
				CLANG_WARN_BOOL_CONVERSION = YES;
				CLANG_WARN_CONSTANT_CONVERSION = YES;
				CLANG_WARN_DIRECT_OBJC_ISA_USAGE = YES_ERROR;
				CLANG_WARN_EMPTY_BODY = YES;
				CLANG_WARN_ENUM_CONVERSION = YES;
				CLANG_WARN_INT_CONVERSION = YES;
				CLANG_WARN_OBJC_ROOT_CLASS = YES_ERROR;
				CLANG_WARN_UNREACHABLE_CODE = YES;
				CLANG_WARN__DUPLICATE_METHOD_MATCH = YES;
				"CODE_SIGN_IDENTITY[sdk=iphoneos*]" = "iPhone Developer";
				COPY_PHASE_STRIP = NO;
				DEBUG_INFORMATION_FORMAT = "dwarf-with-dsym";
				ENABLE_NS_ASSERTIONS = NO;
				ENABLE_STRICT_OBJC_MSGSEND = YES;
				GCC_C_LANGUAGE_STANDARD = gnu99;
				GCC_NO_COMMON_BLOCKS = YES;
				GCC_WARN_64_TO_32_BIT_CONVERSION = YES;
				GCC_WARN_ABOUT_RETURN_TYPE = YES_ERROR;
				GCC_WARN_UNDECLARED_SELECTOR = YES;
				GCC_WARN_UNINITIALIZED_AUTOS = YES_AGGRESSIVE;
				GCC_WARN_UNUSED_FUNCTION = YES;
				GCC_WARN_UNUSED_VARIABLE = YES;
				IPHONEOS_DEPLOYMENT_TARGET = 8.3;
				MTL_ENABLE_DEBUG_INFO = NO;
				SDKROOT = iphoneos;
				VALIDATE_PRODUCT = YES;
			};
			name = Release;
		};
		DA9F4CCF1AE0EE330088D177 /* Debug */ = {
			isa = XCBuildConfiguration;
			buildSettings = {
				ASSETCATALOG_COMPILER_APPICON_NAME = AppIcon;
				CODE_SIGN_IDENTITY = "iPhone Developer";
				INFOPLIST_FILE = Test/Info.plist;
				IPHONEOS_DEPLOYMENT_TARGET = 8.3;
				LD_RUNPATH_SEARCH_PATHS = "$(inherited) @executable_path/Frameworks";
				PRODUCT_NAME = LeyendaNG;
			};
			name = Debug;
		};
		DA9F4CD01AE0EE330088D177 /* Release */ = {
			isa = XCBuildConfiguration;
			buildSettings = {
				ASSETCATALOG_COMPILER_APPICON_NAME = AppIcon;
				CODE_SIGN_IDENTITY = "iPhone Developer";
				INFOPLIST_FILE = Test/Info.plist;
				IPHONEOS_DEPLOYMENT_TARGET = 8.3;
				LD_RUNPATH_SEARCH_PATHS = "$(inherited) @executable_path/Frameworks";
				PRODUCT_NAME = LeyendaNG;
			};
			name = Release;
		};
		DA9F4CD21AE0EE330088D177 /* Debug */ = {
			isa = XCBuildConfiguration;
			buildSettings = {
				BUNDLE_LOADER = "$(TEST_HOST)";
				FRAMEWORK_SEARCH_PATHS = (
					"$(SDKROOT)/Developer/Library/Frameworks",
					"$(inherited)",
				);
				GCC_PREPROCESSOR_DEFINITIONS = (
					"DEBUG=1",
					"$(inherited)",
				);
				INFOPLIST_FILE = TestTests/Info.plist;
				LD_RUNPATH_SEARCH_PATHS = "$(inherited) @executable_path/Frameworks @loader_path/Frameworks";
				PRODUCT_NAME = LeyendaNGLeyendaNGs;
				TEST_HOST = "$(BUILT_PRODUCTS_DIR)/LeyendaNG.app/Test";
			};
			name = Debug;
		};
		DA9F4CD31AE0EE330088D177 /* Release */ = {
			isa = XCBuildConfiguration;
			buildSettings = {
				BUNDLE_LOADER = "$(TEST_HOST)";
				FRAMEWORK_SEARCH_PATHS = (
					"$(SDKROOT)/Developer/Library/Frameworks",
					"$(inherited)",
				);
				INFOPLIST_FILE = TestTests/Info.plist;
				LD_RUNPATH_SEARCH_PATHS = "$(inherited) @executable_path/Frameworks @loader_path/Frameworks";
				PRODUCT_NAME = LeyendaNGLeyendaNGs;
				TEST_HOST = "$(BUILT_PRODUCTS_DIR)/LeyendaNG.app/Test";
			};
			name = Release;
		};
/* End XCBuildConfiguration section */

/* Begin XCConfigurationList section */
		DA9F4CA31AE0EE320088D177 /* Build configuration list for PBXProject "LeyendaNG" */ = {
			isa = XCConfigurationList;
			buildConfigurations = (
				DA9F4CCC1AE0EE330088D177 /* Debug */,
				DA9F4CCD1AE0EE330088D177 /* Release */,
			);
			defaultConfigurationIsVisible = 0;
			defaultConfigurationName = Release;
		};
		DA9F4CCE1AE0EE330088D177 /* Build configuration list for PBXNativeTarget "LeyendaNG" */ = {
			isa = XCConfigurationList;
			buildConfigurations = (
				DA9F4CCF1AE0EE330088D177 /* Debug */,
				DA9F4CD01AE0EE330088D177 /* Release */,
			);
			defaultConfigurationIsVisible = 0;
			defaultConfigurationName = Release;
		};
		DA9F4CD11AE0EE330088D177 /* Build configuration list for PBXNativeTarget "LeyendaNGLeyendaNGs" */ = {
			isa = XCConfigurationList;
			buildConfigurations = (
				DA9F4CD21AE0EE330088D177 /* Debug */,
				DA9F4CD31AE0EE330088D177 /* Release */,
			);
			defaultConfigurationIsVisible = 0;
			defaultConfigurationName = Release;
		};
/* End XCConfigurationList section */
	};
	rootObject = DA9F4CA01AE0EE320088D177 /* Project object */;
}
